// !$*UTF8*$!
{
	archiveVersion = 1;
	classes = {
	};
	objectVersion = 55;
	objects = {

/* Begin PBXBuildFile section */
		04581F322834F1AB00AD2341 /* CreditCard.swift in Sources */ = {isa = PBXBuildFile; fileRef = 04581F312834F1AB00AD2341 /* CreditCard.swift */; };
		04581F352834F2BF00AD2341 /* CardListCell.swift in Sources */ = {isa = PBXBuildFile; fileRef = 04581F332834F2BF00AD2341 /* CardListCell.swift */; };
		04581F362834F2BF00AD2341 /* CardListCell.xib in Resources */ = {isa = PBXBuildFile; fileRef = 04581F342834F2BF00AD2341 /* CardListCell.xib */; };
		04581F382834F6F500AD2341 /* CardDetailViewController.swift in Sources */ = {isa = PBXBuildFile; fileRef = 04581F372834F6F500AD2341 /* CardDetailViewController.swift */; };
		04581F3A2834F85C00AD2341 /* money.json in Resources */ = {isa = PBXBuildFile; fileRef = 04581F392834F85C00AD2341 /* money.json */; };
		04581F3C2834FDA500AD2341 /* GoogleService-Info.plist in Resources */ = {isa = PBXBuildFile; fileRef = 04581F3B2834FDA500AD2341 /* GoogleService-Info.plist */; };
		04B05971283BA49700A98D0F /* CreditCardDummy.swift in Sources */ = {isa = PBXBuildFile; fileRef = 04B05970283BA49600A98D0F /* CreditCardDummy.swift */; };
		04E0D1A22833C9D90092DC58 /* AppDelegate.swift in Sources */ = {isa = PBXBuildFile; fileRef = 04E0D1A12833C9D90092DC58 /* AppDelegate.swift */; };
		04E0D1A42833C9D90092DC58 /* SceneDelegate.swift in Sources */ = {isa = PBXBuildFile; fileRef = 04E0D1A32833C9D90092DC58 /* SceneDelegate.swift */; };
		04E0D1A62833C9D90092DC58 /* ViewController.swift in Sources */ = {isa = PBXBuildFile; fileRef = 04E0D1A52833C9D90092DC58 /* ViewController.swift */; };
		04E0D1A92833C9D90092DC58 /* Main.storyboard in Resources */ = {isa = PBXBuildFile; fileRef = 04E0D1A72833C9D90092DC58 /* Main.storyboard */; };
		04E0D1AB2833C9DA0092DC58 /* Assets.xcassets in Resources */ = {isa = PBXBuildFile; fileRef = 04E0D1AA2833C9DA0092DC58 /* Assets.xcassets */; };
		04E0D1AE2833C9DA0092DC58 /* LaunchScreen.storyboard in Resources */ = {isa = PBXBuildFile; fileRef = 04E0D1AC2833C9DA0092DC58 /* LaunchScreen.storyboard */; };
		04E0D1B62833CB3A0092DC58 /* CardListViewController.swift in Sources */ = {isa = PBXBuildFile; fileRef = 04E0D1B52833CB3A0092DC58 /* CardListViewController.swift */; };
		70736BD95AA0CFE399B98799 /* Pods_CreditCardList.framework in Frameworks */ = {isa = PBXBuildFile; fileRef = EC4182DBD0679359768218C9 /* Pods_CreditCardList.framework */; };
/* End PBXBuildFile section */

/* Begin PBXFileReference section */
		04581F312834F1AB00AD2341 /* CreditCard.swift */ = {isa = PBXFileReference; lastKnownFileType = sourcecode.swift; path = CreditCard.swift; sourceTree = "<group>"; };
		04581F332834F2BF00AD2341 /* CardListCell.swift */ = {isa = PBXFileReference; lastKnownFileType = sourcecode.swift; path = CardListCell.swift; sourceTree = "<group>"; };
		04581F342834F2BF00AD2341 /* CardListCell.xib */ = {isa = PBXFileReference; lastKnownFileType = file.xib; path = CardListCell.xib; sourceTree = "<group>"; };
		04581F372834F6F500AD2341 /* CardDetailViewController.swift */ = {isa = PBXFileReference; lastKnownFileType = sourcecode.swift; path = CardDetailViewController.swift; sourceTree = "<group>"; };
		04581F392834F85C00AD2341 /* money.json */ = {isa = PBXFileReference; fileEncoding = 4; lastKnownFileType = text.json; path = money.json; sourceTree = "<group>"; };
		04581F3B2834FDA500AD2341 /* GoogleService-Info.plist */ = {isa = PBXFileReference; fileEncoding = 4; lastKnownFileType = text.plist.xml; path = "GoogleService-Info.plist"; sourceTree = "<group>"; };
		04B05970283BA49600A98D0F /* CreditCardDummy.swift */ = {isa = PBXFileReference; fileEncoding = 4; lastKnownFileType = sourcecode.swift; path = CreditCardDummy.swift; sourceTree = "<group>"; };
		04E0D19E2833C9D90092DC58 /* CreditCardList.app */ = {isa = PBXFileReference; explicitFileType = wrapper.application; includeInIndex = 0; path = CreditCardList.app; sourceTree = BUILT_PRODUCTS_DIR; };
		04E0D1A12833C9D90092DC58 /* AppDelegate.swift */ = {isa = PBXFileReference; lastKnownFileType = sourcecode.swift; path = AppDelegate.swift; sourceTree = "<group>"; };
		04E0D1A32833C9D90092DC58 /* SceneDelegate.swift */ = {isa = PBXFileReference; lastKnownFileType = sourcecode.swift; path = SceneDelegate.swift; sourceTree = "<group>"; };
		04E0D1A52833C9D90092DC58 /* ViewController.swift */ = {isa = PBXFileReference; lastKnownFileType = sourcecode.swift; path = ViewController.swift; sourceTree = "<group>"; };
		04E0D1A82833C9D90092DC58 /* Base */ = {isa = PBXFileReference; lastKnownFileType = file.storyboard; name = Base; path = Base.lproj/Main.storyboard; sourceTree = "<group>"; };
		04E0D1AA2833C9DA0092DC58 /* Assets.xcassets */ = {isa = PBXFileReference; lastKnownFileType = folder.assetcatalog; path = Assets.xcassets; sourceTree = "<group>"; };
		04E0D1AD2833C9DA0092DC58 /* Base */ = {isa = PBXFileReference; lastKnownFileType = file.storyboard; name = Base; path = Base.lproj/LaunchScreen.storyboard; sourceTree = "<group>"; };
		04E0D1AF2833C9DA0092DC58 /* Info.plist */ = {isa = PBXFileReference; lastKnownFileType = text.plist.xml; path = Info.plist; sourceTree = "<group>"; };
		04E0D1B52833CB3A0092DC58 /* CardListViewController.swift */ = {isa = PBXFileReference; lastKnownFileType = sourcecode.swift; path = CardListViewController.swift; sourceTree = "<group>"; };
		081ED94625553F9B5DD407B4 /* Pods-CreditCardList.release.xcconfig */ = {isa = PBXFileReference; includeInIndex = 1; lastKnownFileType = text.xcconfig; name = "Pods-CreditCardList.release.xcconfig"; path = "Target Support Files/Pods-CreditCardList/Pods-CreditCardList.release.xcconfig"; sourceTree = "<group>"; };
		5A5D3B8F700C100398F25F5C /* Pods-CreditCardList.debug.xcconfig */ = {isa = PBXFileReference; includeInIndex = 1; lastKnownFileType = text.xcconfig; name = "Pods-CreditCardList.debug.xcconfig"; path = "Target Support Files/Pods-CreditCardList/Pods-CreditCardList.debug.xcconfig"; sourceTree = "<group>"; };
		EC4182DBD0679359768218C9 /* Pods_CreditCardList.framework */ = {isa = PBXFileReference; explicitFileType = wrapper.framework; includeInIndex = 0; path = Pods_CreditCardList.framework; sourceTree = BUILT_PRODUCTS_DIR; };
/* End PBXFileReference section */

/* Begin PBXFrameworksBuildPhase section */
		04E0D19B2833C9D90092DC58 /* Frameworks */ = {
			isa = PBXFrameworksBuildPhase;
			buildActionMask = 2147483647;
			files = (
				70736BD95AA0CFE399B98799 /* Pods_CreditCardList.framework in Frameworks */,
			);
			runOnlyForDeploymentPostprocessing = 0;
		};
/* End PBXFrameworksBuildPhase section */

/* Begin PBXGroup section */
		04E0D1952833C9D90092DC58 = {
			isa = PBXGroup;
			children = (
				04E0D1A02833C9D90092DC58 /* CreditCardList */,
				04E0D19F2833C9D90092DC58 /* Products */,
				25B7ABF9B583E7EB2C16DCA6 /* Pods */,
				97E60D641F2F84CD86FE223C /* Frameworks */,
			);
			sourceTree = "<group>";
		};
		04E0D19F2833C9D90092DC58 /* Products */ = {
			isa = PBXGroup;
			children = (
				04E0D19E2833C9D90092DC58 /* CreditCardList.app */,
			);
			name = Products;
			sourceTree = "<group>";
		};
		04E0D1A02833C9D90092DC58 /* CreditCardList */ = {
			isa = PBXGroup;
			children = (
				04581F392834F85C00AD2341 /* money.json */,
				04E0D1B52833CB3A0092DC58 /* CardListViewController.swift */,
				04E0D1A12833C9D90092DC58 /* AppDelegate.swift */,
				04E0D1A32833C9D90092DC58 /* SceneDelegate.swift */,
				04E0D1A52833C9D90092DC58 /* ViewController.swift */,
				04E0D1AF2833C9DA0092DC58 /* Info.plist */,
				04E0D1A72833C9D90092DC58 /* Main.storyboard */,
				04E0D1AA2833C9DA0092DC58 /* Assets.xcassets */,
				04E0D1AC2833C9DA0092DC58 /* LaunchScreen.storyboard */,
				04581F312834F1AB00AD2341 /* CreditCard.swift */,
				04581F332834F2BF00AD2341 /* CardListCell.swift */,
				04581F342834F2BF00AD2341 /* CardListCell.xib */,
				04581F372834F6F500AD2341 /* CardDetailViewController.swift */,
				04B05970283BA49600A98D0F /* CreditCardDummy.swift */,
				04581F3B2834FDA500AD2341 /* GoogleService-Info.plist */,
			);
			path = CreditCardList;
			sourceTree = "<group>";
		};
		25B7ABF9B583E7EB2C16DCA6 /* Pods */ = {
			isa = PBXGroup;
			children = (
				5A5D3B8F700C100398F25F5C /* Pods-CreditCardList.debug.xcconfig */,
				081ED94625553F9B5DD407B4 /* Pods-CreditCardList.release.xcconfig */,
			);
			path = Pods;
			sourceTree = "<group>";
		};
		97E60D641F2F84CD86FE223C /* Frameworks */ = {
			isa = PBXGroup;
			children = (
				EC4182DBD0679359768218C9 /* Pods_CreditCardList.framework */,
			);
			name = Frameworks;
			sourceTree = "<group>";
		};
/* End PBXGroup section */

/* Begin PBXNativeTarget section */
		04E0D19D2833C9D90092DC58 /* CreditCardList */ = {
			isa = PBXNativeTarget;
			buildConfigurationList = 04E0D1B22833C9DA0092DC58 /* Build configuration list for PBXNativeTarget "CreditCardList" */;
			buildPhases = (
				A001B531563451427F5535DB /* [CP] Check Pods Manifest.lock */,
				04E0D19A2833C9D90092DC58 /* Sources */,
				04E0D19B2833C9D90092DC58 /* Frameworks */,
				04E0D19C2833C9D90092DC58 /* Resources */,
				5A517E4EA066FD1A0B414E82 /* [CP] Embed Pods Frameworks */,
			);
			buildRules = (
			);
			dependencies = (
			);
			name = CreditCardList;
			productName = CreditCardList;
			productReference = 04E0D19E2833C9D90092DC58 /* CreditCardList.app */;
			productType = "com.apple.product-type.application";
		};
/* End PBXNativeTarget section */

/* Begin PBXProject section */
		04E0D1962833C9D90092DC58 /* Project object */ = {
			isa = PBXProject;
			attributes = {
				BuildIndependentTargetsInParallel = 1;
				LastSwiftUpdateCheck = 1320;
				LastUpgradeCheck = 1320;
				TargetAttributes = {
					04E0D19D2833C9D90092DC58 = {
						CreatedOnToolsVersion = 13.2.1;
					};
				};
			};
			buildConfigurationList = 04E0D1992833C9D90092DC58 /* Build configuration list for PBXProject "CreditCardList" */;
			compatibilityVersion = "Xcode 13.0";
			developmentRegion = en;
			hasScannedForEncodings = 0;
			knownRegions = (
				en,
				Base,
			);
			mainGroup = 04E0D1952833C9D90092DC58;
			productRefGroup = 04E0D19F2833C9D90092DC58 /* Products */;
			projectDirPath = "";
			projectRoot = "";
			targets = (
				04E0D19D2833C9D90092DC58 /* CreditCardList */,
			);
		};
/* End PBXProject section */

/* Begin PBXResourcesBuildPhase section */
		04E0D19C2833C9D90092DC58 /* Resources */ = {
			isa = PBXResourcesBuildPhase;
			buildActionMask = 2147483647;
			files = (
				04E0D1AE2833C9DA0092DC58 /* LaunchScreen.storyboard in Resources */,
				04E0D1AB2833C9DA0092DC58 /* Assets.xcassets in Resources */,
				04581F3A2834F85C00AD2341 /* money.json in Resources */,
				04E0D1A92833C9D90092DC58 /* Main.storyboard in Resources */,
				04581F362834F2BF00AD2341 /* CardListCell.xib in Resources */,
				04581F3C2834FDA500AD2341 /* GoogleService-Info.plist in Resources */,
			);
			runOnlyForDeploymentPostprocessing = 0;
		};
/* End PBXResourcesBuildPhase section */

/* Begin PBXShellScriptBuildPhase section */
		5A517E4EA066FD1A0B414E82 /* [CP] Embed Pods Frameworks */ = {
			isa = PBXShellScriptBuildPhase;
			buildActionMask = 2147483647;
			files = (
			);
			inputFileListPaths = (
				"${PODS_ROOT}/Target Support Files/Pods-CreditCardList/Pods-CreditCardList-frameworks-${CONFIGURATION}-input-files.xcfilelist",
			);
			name = "[CP] Embed Pods Frameworks";
			outputFileListPaths = (
				"${PODS_ROOT}/Target Support Files/Pods-CreditCardList/Pods-CreditCardList-frameworks-${CONFIGURATION}-output-files.xcfilelist",
			);
			runOnlyForDeploymentPostprocessing = 0;
			shellPath = /bin/sh;
			shellScript = "\"${PODS_ROOT}/Target Support Files/Pods-CreditCardList/Pods-CreditCardList-frameworks.sh\"\n";
			showEnvVarsInLog = 0;
		};
		A001B531563451427F5535DB /* [CP] Check Pods Manifest.lock */ = {
			isa = PBXShellScriptBuildPhase;
			buildActionMask = 2147483647;
			files = (
			);
			inputFileListPaths = (
			);
			inputPaths = (
				"${PODS_PODFILE_DIR_PATH}/Podfile.lock",
				"${PODS_ROOT}/Manifest.lock",
			);
			name = "[CP] Check Pods Manifest.lock";
			outputFileListPaths = (
			);
			outputPaths = (
				"$(DERIVED_FILE_DIR)/Pods-CreditCardList-checkManifestLockResult.txt",
			);
			runOnlyForDeploymentPostprocessing = 0;
			shellPath = /bin/sh;
			shellScript = "diff \"${PODS_PODFILE_DIR_PATH}/Podfile.lock\" \"${PODS_ROOT}/Manifest.lock\" > /dev/null\nif [ $? != 0 ] ; then\n    # print error to STDERR\n    echo \"error: The sandbox is not in sync with the Podfile.lock. Run 'pod install' or update your CocoaPods installation.\" >&2\n    exit 1\nfi\n# This output is used by Xcode 'outputs' to avoid re-running this script phase.\necho \"SUCCESS\" > \"${SCRIPT_OUTPUT_FILE_0}\"\n";
			showEnvVarsInLog = 0;
		};
/* End PBXShellScriptBuildPhase section */

/* Begin PBXSourcesBuildPhase section */
		04E0D19A2833C9D90092DC58 /* Sources */ = {
			isa = PBXSourcesBuildPhase;
			buildActionMask = 2147483647;
			files = (
				04E0D1B62833CB3A0092DC58 /* CardListViewController.swift in Sources */,
				04B05971283BA49700A98D0F /* CreditCardDummy.swift in Sources */,
				04581F322834F1AB00AD2341 /* CreditCard.swift in Sources */,
				04E0D1A62833C9D90092DC58 /* ViewController.swift in Sources */,
				04581F352834F2BF00AD2341 /* CardListCell.swift in Sources */,
				04E0D1A22833C9D90092DC58 /* AppDelegate.swift in Sources */,
				04E0D1A42833C9D90092DC58 /* SceneDelegate.swift in Sources */,
				04581F382834F6F500AD2341 /* CardDetailViewController.swift in Sources */,
			);
			runOnlyForDeploymentPostprocessing = 0;
		};
/* End PBXSourcesBuildPhase section */

/* Begin PBXVariantGroup section */
		04E0D1A72833C9D90092DC58 /* Main.storyboard */ = {
			isa = PBXVariantGroup;
			children = (
				04E0D1A82833C9D90092DC58 /* Base */,
			);
			name = Main.storyboard;
			sourceTree = "<group>";
		};
		04E0D1AC2833C9DA0092DC58 /* LaunchScreen.storyboard */ = {
			isa = PBXVariantGroup;
			children = (
				04E0D1AD2833C9DA0092DC58 /* Base */,
			);
			name = LaunchScreen.storyboard;
			sourceTree = "<group>";
		};
/* End PBXVariantGroup section */

/* Begin XCBuildConfiguration section */
		04E0D1B02833C9DA0092DC58 /* Debug */ = {
			isa = XCBuildConfiguration;
			buildSettings = {
				ALWAYS_SEARCH_USER_PATHS = NO;
				CLANG_ANALYZER_NONNULL = YES;
				CLANG_ANALYZER_NUMBER_OBJECT_CONVERSION = YES_AGGRESSIVE;
				CLANG_CXX_LANGUAGE_STANDARD = "gnu++17";
				CLANG_CXX_LIBRARY = "libc++";
				CLANG_ENABLE_MODULES = YES;
				CLANG_ENABLE_OBJC_ARC = YES;
				CLANG_ENABLE_OBJC_WEAK = YES;
				CLANG_WARN_BLOCK_CAPTURE_AUTORELEASING = YES;
				CLANG_WARN_BOOL_CONVERSION = YES;
				CLANG_WARN_COMMA = YES;
				CLANG_WARN_CONSTANT_CONVERSION = YES;
				CLANG_WARN_DEPRECATED_OBJC_IMPLEMENTATIONS = YES;
				CLANG_WARN_DIRECT_OBJC_ISA_USAGE = YES_ERROR;
				CLANG_WARN_DOCUMENTATION_COMMENTS = YES;
				CLANG_WARN_EMPTY_BODY = YES;
				CLANG_WARN_ENUM_CONVERSION = YES;
				CLANG_WARN_INFINITE_RECURSION = YES;
				CLANG_WARN_INT_CONVERSION = YES;
				CLANG_WARN_NON_LITERAL_NULL_CONVERSION = YES;
				CLANG_WARN_OBJC_IMPLICIT_RETAIN_SELF = YES;
				CLANG_WARN_OBJC_LITERAL_CONVERSION = YES;
				CLANG_WARN_OBJC_ROOT_CLASS = YES_ERROR;
				CLANG_WARN_QUOTED_INCLUDE_IN_FRAMEWORK_HEADER = YES;
				CLANG_WARN_RANGE_LOOP_ANALYSIS = YES;
				CLANG_WARN_STRICT_PROTOTYPES = YES;
				CLANG_WARN_SUSPICIOUS_MOVE = YES;
				CLANG_WARN_UNGUARDED_AVAILABILITY = YES_AGGRESSIVE;
				CLANG_WARN_UNREACHABLE_CODE = YES;
				CLANG_WARN__DUPLICATE_METHOD_MATCH = YES;
				COPY_PHASE_STRIP = NO;
				DEBUG_INFORMATION_FORMAT = dwarf;
				ENABLE_STRICT_OBJC_MSGSEND = YES;
				ENABLE_TESTABILITY = YES;
				GCC_C_LANGUAGE_STANDARD = gnu11;
				GCC_DYNAMIC_NO_PIC = NO;
				GCC_NO_COMMON_BLOCKS = YES;
				GCC_OPTIMIZATION_LEVEL = 0;
				GCC_PREPROCESSOR_DEFINITIONS = (
					"DEBUG=1",
					"$(inherited)",
				);
				GCC_WARN_64_TO_32_BIT_CONVERSION = YES;
				GCC_WARN_ABOUT_RETURN_TYPE = YES_ERROR;
				GCC_WARN_UNDECLARED_SELECTOR = YES;
				GCC_WARN_UNINITIALIZED_AUTOS = YES_AGGRESSIVE;
				GCC_WARN_UNUSED_FUNCTION = YES;
				GCC_WARN_UNUSED_VARIABLE = YES;
				IPHONEOS_DEPLOYMENT_TARGET = 15.2;
				MTL_ENABLE_DEBUG_INFO = INCLUDE_SOURCE;
				MTL_FAST_MATH = YES;
				ONLY_ACTIVE_ARCH = YES;
				SDKROOT = iphoneos;
				SWIFT_ACTIVE_COMPILATION_CONDITIONS = DEBUG;
				SWIFT_OPTIMIZATION_LEVEL = "-Onone";
			};
			name = Debug;
		};
		04E0D1B12833C9DA0092DC58 /* Release */ = {
			isa = XCBuildConfiguration;
			buildSettings = {
				ALWAYS_SEARCH_USER_PATHS = NO;
				CLANG_ANALYZER_NONNULL = YES;
				CLANG_ANALYZER_NUMBER_OBJECT_CONVERSION = YES_AGGRESSIVE;
				CLANG_CXX_LANGUAGE_STANDARD = "gnu++17";
				CLANG_CXX_LIBRARY = "libc++";
				CLANG_ENABLE_MODULES = YES;
				CLANG_ENABLE_OBJC_ARC = YES;
				CLANG_ENABLE_OBJC_WEAK = YES;
				CLANG_WARN_BLOCK_CAPTURE_AUTORELEASING = YES;
				CLANG_WARN_BOOL_CONVERSION = YES;
				CLANG_WARN_COMMA = YES;
				CLANG_WARN_CONSTANT_CONVERSION = YES;
				CLANG_WARN_DEPRECATED_OBJC_IMPLEMENTATIONS = YES;
				CLANG_WARN_DIRECT_OBJC_ISA_USAGE = YES_ERROR;
				CLANG_WARN_DOCUMENTATION_COMMENTS = YES;
				CLANG_WARN_EMPTY_BODY = YES;
				CLANG_WARN_ENUM_CONVERSION = YES;
				CLANG_WARN_INFINITE_RECURSION = YES;
				CLANG_WARN_INT_CONVERSION = YES;
				CLANG_WARN_NON_LITERAL_NULL_CONVERSION = YES;
				CLANG_WARN_OBJC_IMPLICIT_RETAIN_SELF = YES;
				CLANG_WARN_OBJC_LITERAL_CONVERSION = YES;
				CLANG_WARN_OBJC_ROOT_CLASS = YES_ERROR;
				CLANG_WARN_QUOTED_INCLUDE_IN_FRAMEWORK_HEADER = YES;
				CLANG_WARN_RANGE_LOOP_ANALYSIS = YES;
				CLANG_WARN_STRICT_PROTOTYPES = YES;
				CLANG_WARN_SUSPICIOUS_MOVE = YES;
				CLANG_WARN_UNGUARDED_AVAILABILITY = YES_AGGRESSIVE;
				CLANG_WARN_UNREACHABLE_CODE = YES;
				CLANG_WARN__DUPLICATE_METHOD_MATCH = YES;
				COPY_PHASE_STRIP = NO;
				DEBUG_INFORMATION_FORMAT = "dwarf-with-dsym";
				ENABLE_NS_ASSERTIONS = NO;
				ENABLE_STRICT_OBJC_MSGSEND = YES;
				GCC_C_LANGUAGE_STANDARD = gnu11;
				GCC_NO_COMMON_BLOCKS = YES;
				GCC_WARN_64_TO_32_BIT_CONVERSION = YES;
				GCC_WARN_ABOUT_RETURN_TYPE = YES_ERROR;
				GCC_WARN_UNDECLARED_SELECTOR = YES;
				GCC_WARN_UNINITIALIZED_AUTOS = YES_AGGRESSIVE;
				GCC_WARN_UNUSED_FUNCTION = YES;
				GCC_WARN_UNUSED_VARIABLE = YES;
				IPHONEOS_DEPLOYMENT_TARGET = 15.2;
				MTL_ENABLE_DEBUG_INFO = NO;
				MTL_FAST_MATH = YES;
				SDKROOT = iphoneos;
				SWIFT_COMPILATION_MODE = wholemodule;
				SWIFT_OPTIMIZATION_LEVEL = "-O";
				VALIDATE_PRODUCT = YES;
			};
			name = Release;
		};
		04E0D1B32833C9DA0092DC58 /* Debug */ = {
			isa = XCBuildConfiguration;
			baseConfigurationReference = 5A5D3B8F700C100398F25F5C /* Pods-CreditCardList.debug.xcconfig */;
			buildSettings = {
				ASSETCATALOG_COMPILER_APPICON_NAME = AppIcon;
				ASSETCATALOG_COMPILER_GLOBAL_ACCENT_COLOR_NAME = AccentColor;
				CODE_SIGN_STYLE = Automatic;
				CURRENT_PROJECT_VERSION = 1;
				DEVELOPMENT_TEAM = BAT7Y9H9TP;
				GENERATE_INFOPLIST_FILE = YES;
				INFOPLIST_FILE = CreditCardList/Info.plist;
				INFOPLIST_KEY_UIApplicationSupportsIndirectInputEvents = YES;
				INFOPLIST_KEY_UILaunchStoryboardName = LaunchScreen;
				INFOPLIST_KEY_UIMainStoryboardFile = Main;
				INFOPLIST_KEY_UISupportedInterfaceOrientations_iPad = "UIInterfaceOrientationPortrait UIInterfaceOrientationPortraitUpsideDown UIInterfaceOrientationLandscapeLeft UIInterfaceOrientationLandscapeRight";
				INFOPLIST_KEY_UISupportedInterfaceOrientations_iPhone = "UIInterfaceOrientationPortrait UIInterfaceOrientationLandscapeLeft UIInterfaceOrientationLandscapeRight";
				LD_RUNPATH_SEARCH_PATHS = (
					"$(inherited)",
					"@executable_path/Frameworks",
				);
				MARKETING_VERSION = 1.0;
				PRODUCT_BUNDLE_IDENTIFIER = kr.ac.kpu.CreditCardList;
				PRODUCT_NAME = "$(TARGET_NAME)";
				SWIFT_EMIT_LOC_STRINGS = YES;
				SWIFT_VERSION = 5.0;
				TARGETED_DEVICE_FAMILY = "1,2";
			};
			name = Debug;
		};
		04E0D1B42833C9DA0092DC58 /* Release */ = {
			isa = XCBuildConfiguration;
			baseConfigurationReference = 081ED94625553F9B5DD407B4 /* Pods-CreditCardList.release.xcconfig */;
			buildSettings = {
				ASSETCATALOG_COMPILER_APPICON_NAME = AppIcon;
				ASSETCATALOG_COMPILER_GLOBAL_ACCENT_COLOR_NAME = AccentColor;
				CODE_SIGN_STYLE = Automatic;
				CURRENT_PROJECT_VERSION = 1;
				DEVELOPMENT_TEAM = BAT7Y9H9TP;
				GENERATE_INFOPLIST_FILE = YES;
				INFOPLIST_FILE = CreditCardList/Info.plist;
				INFOPLIST_KEY_UIApplicationSupportsIndirectInputEvents = YES;
				INFOPLIST_KEY_UILaunchStoryboardName = LaunchScreen;
				INFOPLIST_KEY_UIMainStoryboardFile = Main;
				INFOPLIST_KEY_UISupportedInterfaceOrientations_iPad = "UIInterfaceOrientationPortrait UIInterfaceOrientationPortraitUpsideDown UIInterfaceOrientationLandscapeLeft UIInterfaceOrientationLandscapeRight";
				INFOPLIST_KEY_UISupportedInterfaceOrientations_iPhone = "UIInterfaceOrientationPortrait UIInterfaceOrientationLandscapeLeft UIInterfaceOrientationLandscapeRight";
				LD_RUNPATH_SEARCH_PATHS = (
					"$(inherited)",
					"@executable_path/Frameworks",
				);
				MARKETING_VERSION = 1.0;
				PRODUCT_BUNDLE_IDENTIFIER = kr.ac.kpu.CreditCardList;
				PRODUCT_NAME = "$(TARGET_NAME)";
				SWIFT_EMIT_LOC_STRINGS = YES;
				SWIFT_VERSION = 5.0;
				TARGETED_DEVICE_FAMILY = "1,2";
			};
			name = Release;
		};
/* End XCBuildConfiguration section */

/* Begin XCConfigurationList section */
		04E0D1992833C9D90092DC58 /* Build configuration list for PBXProject "CreditCardList" */ = {
			isa = XCConfigurationList;
			buildConfigurations = (
				04E0D1B02833C9DA0092DC58 /* Debug */,
				04E0D1B12833C9DA0092DC58 /* Release */,
			);
			defaultConfigurationIsVisible = 0;
			defaultConfigurationName = Release;
		};
		04E0D1B22833C9DA0092DC58 /* Build configuration list for PBXNativeTarget "CreditCardList" */ = {
			isa = XCConfigurationList;
			buildConfigurations = (
				04E0D1B32833C9DA0092DC58 /* Debug */,
				04E0D1B42833C9DA0092DC58 /* Release */,
			);
			defaultConfigurationIsVisible = 0;
			defaultConfigurationName = Release;
		};
/* End XCConfigurationList section */
	};
	rootObject = 04E0D1962833C9D90092DC58 /* Project object */;
}
